// !$*UTF8*$!
{
	archiveVersion = 1;
	classes = {
	};
	objectVersion = 50;
	objects = {

/* Begin PBXBuildFile section */
		62E01D74F6BE696452FEFD5F /* Pods_FlowerClassifier.framework in Frameworks */ = {isa = PBXBuildFile; fileRef = C96AAAAD5C07700B632B88D3 /* Pods_FlowerClassifier.framework */; };
		AA8468DE246E145000117C67 /* AppDelegate.swift in Sources */ = {isa = PBXBuildFile; fileRef = AA8468DD246E145000117C67 /* AppDelegate.swift */; };
		AA8468E0246E145000117C67 /* SceneDelegate.swift in Sources */ = {isa = PBXBuildFile; fileRef = AA8468DF246E145000117C67 /* SceneDelegate.swift */; };
		AA8468E2246E145000117C67 /* ViewController.swift in Sources */ = {isa = PBXBuildFile; fileRef = AA8468E1246E145000117C67 /* ViewController.swift */; };
		AA8468E5246E145000117C67 /* Main.storyboard in Resources */ = {isa = PBXBuildFile; fileRef = AA8468E3246E145000117C67 /* Main.storyboard */; };
		AA8468E7246E145100117C67 /* Assets.xcassets in Resources */ = {isa = PBXBuildFile; fileRef = AA8468E6246E145100117C67 /* Assets.xcassets */; };
		AA8468EA246E145100117C67 /* LaunchScreen.storyboard in Resources */ = {isa = PBXBuildFile; fileRef = AA8468E8246E145100117C67 /* LaunchScreen.storyboard */; };
		AA8468F2246E174500117C67 /* FlowerClassifier.mlmodel in Sources */ = {isa = PBXBuildFile; fileRef = AA8468F1246E174500117C67 /* FlowerClassifier.mlmodel */; };
/* End PBXBuildFile section */

/* Begin PBXFileReference section */
		AA8468DA246E145000117C67 /* FlowerClassifier.app */ = {isa = PBXFileReference; explicitFileType = wrapper.application; includeInIndex = 0; path = FlowerClassifier.app; sourceTree = BUILT_PRODUCTS_DIR; };
		AA8468DD246E145000117C67 /* AppDelegate.swift */ = {isa = PBXFileReference; lastKnownFileType = sourcecode.swift; path = AppDelegate.swift; sourceTree = "<group>"; };
		AA8468DF246E145000117C67 /* SceneDelegate.swift */ = {isa = PBXFileReference; lastKnownFileType = sourcecode.swift; path = SceneDelegate.swift; sourceTree = "<group>"; };
		AA8468E1246E145000117C67 /* ViewController.swift */ = {isa = PBXFileReference; lastKnownFileType = sourcecode.swift; path = ViewController.swift; sourceTree = "<group>"; };
		AA8468E4246E145000117C67 /* Base */ = {isa = PBXFileReference; lastKnownFileType = file.storyboard; name = Base; path = Base.lproj/Main.storyboard; sourceTree = "<group>"; };
		AA8468E6246E145100117C67 /* Assets.xcassets */ = {isa = PBXFileReference; lastKnownFileType = folder.assetcatalog; path = Assets.xcassets; sourceTree = "<group>"; };
		AA8468E9246E145100117C67 /* Base */ = {isa = PBXFileReference; lastKnownFileType = file.storyboard; name = Base; path = Base.lproj/LaunchScreen.storyboard; sourceTree = "<group>"; };
		AA8468EB246E145100117C67 /* Info.plist */ = {isa = PBXFileReference; lastKnownFileType = text.plist.xml; path = Info.plist; sourceTree = "<group>"; };
		AA8468F1246E174500117C67 /* FlowerClassifier.mlmodel */ = {isa = PBXFileReference; lastKnownFileType = file.mlmodel; path = FlowerClassifier.mlmodel; sourceTree = "<group>"; };
		B1933BD5DEC83DECED6B048F /* Pods-FlowerClassifier.debug.xcconfig */ = {isa = PBXFileReference; includeInIndex = 1; lastKnownFileType = text.xcconfig; name = "Pods-FlowerClassifier.debug.xcconfig"; path = "Target Support Files/Pods-FlowerClassifier/Pods-FlowerClassifier.debug.xcconfig"; sourceTree = "<group>"; };
		C96AAAAD5C07700B632B88D3 /* Pods_FlowerClassifier.framework */ = {isa = PBXFileReference; explicitFileType = wrapper.framework; includeInIndex = 0; path = Pods_FlowerClassifier.framework; sourceTree = BUILT_PRODUCTS_DIR; };
		C9EA5FC7A85A227F9188816D /* Pods-FlowerClassifier.release.xcconfig */ = {isa = PBXFileReference; includeInIndex = 1; lastKnownFileType = text.xcconfig; name = "Pods-FlowerClassifier.release.xcconfig"; path = "Target Support Files/Pods-FlowerClassifier/Pods-FlowerClassifier.release.xcconfig"; sourceTree = "<group>"; };
/* End PBXFileReference section */

/* Begin PBXFrameworksBuildPhase section */
		AA8468D7246E145000117C67 /* Frameworks */ = {
			isa = PBXFrameworksBuildPhase;
			buildActionMask = 2147483647;
			files = (
				62E01D74F6BE696452FEFD5F /* Pods_FlowerClassifier.framework in Frameworks */,
			);
			runOnlyForDeploymentPostprocessing = 0;
		};
/* End PBXFrameworksBuildPhase section */

/* Begin PBXGroup section */
		4B5B0BC9D7D82142E8D7706A /* Pods */ = {
			isa = PBXGroup;
			children = (
				B1933BD5DEC83DECED6B048F /* Pods-FlowerClassifier.debug.xcconfig */,
				C9EA5FC7A85A227F9188816D /* Pods-FlowerClassifier.release.xcconfig */,
			);
			name = Pods;
			path = Pods;
			sourceTree = "<group>";
		};
		AA8468D1246E145000117C67 = {
			isa = PBXGroup;
			children = (
				AA8468DC246E145000117C67 /* FlowerClassifier */,
				AA8468DB246E145000117C67 /* Products */,
				4B5B0BC9D7D82142E8D7706A /* Pods */,
				C42FB117C53F78B31E1C57ED /* Frameworks */,
			);
			sourceTree = "<group>";
		};
		AA8468DB246E145000117C67 /* Products */ = {
			isa = PBXGroup;
			children = (
				AA8468DA246E145000117C67 /* FlowerClassifier.app */,
			);
			name = Products;
			sourceTree = "<group>";
		};
		AA8468DC246E145000117C67 /* FlowerClassifier */ = {
			isa = PBXGroup;
			children = (
				AA8468DD246E145000117C67 /* AppDelegate.swift */,
				AA8468DF246E145000117C67 /* SceneDelegate.swift */,
				AA8468E1246E145000117C67 /* ViewController.swift */,
				AA8468E3246E145000117C67 /* Main.storyboard */,
				AA8468E6246E145100117C67 /* Assets.xcassets */,
				AA8468E8246E145100117C67 /* LaunchScreen.storyboard */,
				AA8468F1246E174500117C67 /* FlowerClassifier.mlmodel */,
				AA8468EB246E145100117C67 /* Info.plist */,
			);
			path = FlowerClassifier;
			sourceTree = "<group>";
		};
		C42FB117C53F78B31E1C57ED /* Frameworks */ = {
			isa = PBXGroup;
			children = (
				C96AAAAD5C07700B632B88D3 /* Pods_FlowerClassifier.framework */,
			);
			name = Frameworks;
			sourceTree = "<group>";
		};
/* End PBXGroup section */

/* Begin PBXNativeTarget section */
		AA8468D9246E145000117C67 /* FlowerClassifier */ = {
			isa = PBXNativeTarget;
			buildConfigurationList = AA8468EE246E145100117C67 /* Build configuration list for PBXNativeTarget "FlowerClassifier" */;
			buildPhases = (
				0DCDF5C291C4615FC807DED6 /* [CP] Check Pods Manifest.lock */,
				AA8468D6246E145000117C67 /* Sources */,
				AA8468D7246E145000117C67 /* Frameworks */,
				AA8468D8246E145000117C67 /* Resources */,
				A1365B54DF308D2BC5051610 /* [CP] Embed Pods Frameworks */,
			);
			buildRules = (
			);
			dependencies = (
			);
			name = FlowerClassifier;
			productName = FlowerClassifier;
			productReference = AA8468DA246E145000117C67 /* FlowerClassifier.app */;
			productType = "com.apple.product-type.application";
		};
/* End PBXNativeTarget section */

/* Begin PBXProject section */
		AA8468D2246E145000117C67 /* Project object */ = {
			isa = PBXProject;
			attributes = {
				LastSwiftUpdateCheck = 1140;
				LastUpgradeCheck = 1140;
				ORGANIZATIONNAME = "Dylan Kuster";
				TargetAttributes = {
					AA8468D9246E145000117C67 = {
						CreatedOnToolsVersion = 11.4.1;
					};
				};
			};
			buildConfigurationList = AA8468D5246E145000117C67 /* Build configuration list for PBXProject "FlowerClassifier" */;
			compatibilityVersion = "Xcode 9.3";
			developmentRegion = en;
			hasScannedForEncodings = 0;
			knownRegions = (
				en,
				Base,
			);
			mainGroup = AA8468D1246E145000117C67;
			productRefGroup = AA8468DB246E145000117C67 /* Products */;
			projectDirPath = "";
			projectRoot = "";
			targets = (
				AA8468D9246E145000117C67 /* FlowerClassifier */,
			);
		};
/* End PBXProject section */

/* Begin PBXResourcesBuildPhase section */
		AA8468D8246E145000117C67 /* Resources */ = {
			isa = PBXResourcesBuildPhase;
			buildActionMask = 2147483647;
			files = (
				AA8468EA246E145100117C67 /* LaunchScreen.storyboard in Resources */,
				AA8468E7246E145100117C67 /* Assets.xcassets in Resources */,
				AA8468E5246E145000117C67 /* Main.storyboard in Resources */,
			);
			runOnlyForDeploymentPostprocessing = 0;
		};
/* End PBXResourcesBuildPhase section */

/* Begin PBXShellScriptBuildPhase section */
		0DCDF5C291C4615FC807DED6 /* [CP] Check Pods Manifest.lock */ = {
			isa = PBXShellScriptBuildPhase;
			buildActionMask = 2147483647;
			files = (
			);
			inputFileListPaths = (
			);
			inputPaths = (
				"${PODS_PODFILE_DIR_PATH}/Podfile.lock",
				"${PODS_ROOT}/Manifest.lock",
			);
			name = "[CP] Check Pods Manifest.lock";
			outputFileListPaths = (
			);
			outputPaths = (
				"$(DERIVED_FILE_DIR)/Pods-FlowerClassifier-checkManifestLockResult.txt",
			);
			runOnlyForDeploymentPostprocessing = 0;
			shellPath = /bin/sh;
			shellScript = "diff \"${PODS_PODFILE_DIR_PATH}/Podfile.lock\" \"${PODS_ROOT}/Manifest.lock\" > /dev/null\nif [ $? != 0 ] ; then\n    # print error to STDERR\n    echo \"error: The sandbox is not in sync with the Podfile.lock. Run 'pod install' or update your CocoaPods installation.\" >&2\n    exit 1\nfi\n# This output is used by Xcode 'outputs' to avoid re-running this script phase.\necho \"SUCCESS\" > \"${SCRIPT_OUTPUT_FILE_0}\"\n";
			showEnvVarsInLog = 0;
		};
		A1365B54DF308D2BC5051610 /* [CP] Embed Pods Frameworks */ = {
			isa = PBXShellScriptBuildPhase;
			buildActionMask = 2147483647;
			files = (
			);
			inputFileListPaths = (
				"${PODS_ROOT}/Target Support Files/Pods-FlowerClassifier/Pods-FlowerClassifier-frameworks-${CONFIGURATION}-input-files.xcfilelist",
			);
			name = "[CP] Embed Pods Frameworks";
			outputFileListPaths = (
				"${PODS_ROOT}/Target Support Files/Pods-FlowerClassifier/Pods-FlowerClassifier-frameworks-${CONFIGURATION}-output-files.xcfilelist",
			);
			runOnlyForDeploymentPostprocessing = 0;
			shellPath = /bin/sh;
			shellScript = "\"${PODS_ROOT}/Target Support Files/Pods-FlowerClassifier/Pods-FlowerClassifier-frameworks.sh\"\n";
			showEnvVarsInLog = 0;
		};
/* End PBXShellScriptBuildPhase section */

/* Begin PBXSourcesBuildPhase section */
		AA8468D6246E145000117C67 /* Sources */ = {
			isa = PBXSourcesBuildPhase;
			buildActionMask = 2147483647;
			files = (
				AA8468F2246E174500117C67 /* FlowerClassifier.mlmodel in Sources */,
				AA8468E2246E145000117C67 /* ViewController.swift in Sources */,
				AA8468DE246E145000117C67 /* AppDelegate.swift in Sources */,
				AA8468E0246E145000117C67 /* SceneDelegate.swift in Sources */,
			);
			runOnlyForDeploymentPostprocessing = 0;
		};
/* End PBXSourcesBuildPhase section */

/* Begin PBXVariantGroup section */
		AA8468E3246E145000117C67 /* Main.storyboard */ = {
			isa = PBXVariantGroup;
			children = (
				AA8468E4246E145000117C67 /* Base */,
			);
			name = Main.storyboard;
			sourceTree = "<group>";
		};
		AA8468E8246E145100117C67 /* LaunchScreen.storyboard */ = {
			isa = PBXVariantGroup;
			children = (
				AA8468E9246E145100117C67 /* Base */,
			);
			name = LaunchScreen.storyboard;
			sourceTree = "<group>";
		};
/* End PBXVariantGroup section */

/* Begin XCBuildConfiguration section */
		AA8468EC246E145100117C67 /* Debug */ = {
			isa = XCBuildConfiguration;
			buildSettings = {
				ALWAYS_SEARCH_USER_PATHS = NO;
				CLANG_ANALYZER_NONNULL = YES;
				CLANG_ANALYZER_NUMBER_OBJECT_CONVERSION = YES_AGGRESSIVE;
				CLANG_CXX_LANGUAGE_STANDARD = "gnu++14";
				CLANG_CXX_LIBRARY = "libc++";
				CLANG_ENABLE_MODULES = YES;
				CLANG_ENABLE_OBJC_ARC = YES;
				CLANG_ENABLE_OBJC_WEAK = YES;
				CLANG_WARN_BLOCK_CAPTURE_AUTORELEASING = YES;
				CLANG_WARN_BOOL_CONVERSION = YES;
				CLANG_WARN_COMMA = YES;
				CLANG_WARN_CONSTANT_CONVERSION = YES;
				CLANG_WARN_DEPRECATED_OBJC_IMPLEMENTATIONS = YES;
				CLANG_WARN_DIRECT_OBJC_ISA_USAGE = YES_ERROR;
				CLANG_WARN_DOCUMENTATION_COMMENTS = YES;
				CLANG_WARN_EMPTY_BODY = YES;
				CLANG_WARN_ENUM_CONVERSION = YES;
				CLANG_WARN_INFINITE_RECURSION = YES;
				CLANG_WARN_INT_CONVERSION = YES;
				CLANG_WARN_NON_LITERAL_NULL_CONVERSION = YES;
				CLANG_WARN_OBJC_IMPLICIT_RETAIN_SELF = YES;
				CLANG_WARN_OBJC_LITERAL_CONVERSION = YES;
				CLANG_WARN_OBJC_ROOT_CLASS = YES_ERROR;
				CLANG_WARN_RANGE_LOOP_ANALYSIS = YES;
				CLANG_WARN_STRICT_PROTOTYPES = YES;
				CLANG_WARN_SUSPICIOUS_MOVE = YES;
				CLANG_WARN_UNGUARDED_AVAILABILITY = YES_AGGRESSIVE;
				CLANG_WARN_UNREACHABLE_CODE = YES;
				CLANG_WARN__DUPLICATE_METHOD_MATCH = YES;
				COPY_PHASE_STRIP = NO;
				DEBUG_INFORMATION_FORMAT = dwarf;
				ENABLE_STRICT_OBJC_MSGSEND = YES;
				ENABLE_TESTABILITY = YES;
				GCC_C_LANGUAGE_STANDARD = gnu11;
				GCC_DYNAMIC_NO_PIC = NO;
				GCC_NO_COMMON_BLOCKS = YES;
				GCC_OPTIMIZATION_LEVEL = 0;
				GCC_PREPROCESSOR_DEFINITIONS = (
					"DEBUG=1",
					"$(inherited)",
				);
				GCC_WARN_64_TO_32_BIT_CONVERSION = YES;
				GCC_WARN_ABOUT_RETURN_TYPE = YES_ERROR;
				GCC_WARN_UNDECLARED_SELECTOR = YES;
				GCC_WARN_UNINITIALIZED_AUTOS = YES_AGGRESSIVE;
				GCC_WARN_UNUSED_FUNCTION = YES;
				GCC_WARN_UNUSED_VARIABLE = YES;
				IPHONEOS_DEPLOYMENT_TARGET = 13.4;
				MTL_ENABLE_DEBUG_INFO = INCLUDE_SOURCE;
				MTL_FAST_MATH = YES;
				ONLY_ACTIVE_ARCH = YES;
				SDKROOT = iphoneos;
				SWIFT_ACTIVE_COMPILATION_CONDITIONS = DEBUG;
				SWIFT_OPTIMIZATION_LEVEL = "-Onone";
			};
			name = Debug;
		};
		AA8468ED246E145100117C67 /* Release */ = {
			isa = XCBuildConfiguration;
			buildSettings = {
				ALWAYS_SEARCH_USER_PATHS = NO;
				CLANG_ANALYZER_NONNULL = YES;
				CLANG_ANALYZER_NUMBER_OBJECT_CONVERSION = YES_AGGRESSIVE;
				CLANG_CXX_LANGUAGE_STANDARD = "gnu++14";
				CLANG_CXX_LIBRARY = "libc++";
				CLANG_ENABLE_MODULES = YES;
				CLANG_ENABLE_OBJC_ARC = YES;
				CLANG_ENABLE_OBJC_WEAK = YES;
				CLANG_WARN_BLOCK_CAPTURE_AUTORELEASING = YES;
				CLANG_WARN_BOOL_CONVERSION = YES;
				CLANG_WARN_COMMA = YES;
				CLANG_WARN_CONSTANT_CONVERSION = YES;
				CLANG_WARN_DEPRECATED_OBJC_IMPLEMENTATIONS = YES;
				CLANG_WARN_DIRECT_OBJC_ISA_USAGE = YES_ERROR;
				CLANG_WARN_DOCUMENTATION_COMMENTS = YES;
				CLANG_WARN_EMPTY_BODY = YES;
				CLANG_WARN_ENUM_CONVERSION = YES;
				CLANG_WARN_INFINITE_RECURSION = YES;
				CLANG_WARN_INT_CONVERSION = YES;
				CLANG_WARN_NON_LITERAL_NULL_CONVERSION = YES;
				CLANG_WARN_OBJC_IMPLICIT_RETAIN_SELF = YES;
				CLANG_WARN_OBJC_LITERAL_CONVERSION = YES;
				CLANG_WARN_OBJC_ROOT_CLASS = YES_ERROR;
				CLANG_WARN_RANGE_LOOP_ANALYSIS = YES;
				CLANG_WARN_STRICT_PROTOTYPES = YES;
				CLANG_WARN_SUSPICIOUS_MOVE = YES;
				CLANG_WARN_UNGUARDED_AVAILABILITY = YES_AGGRESSIVE;
				CLANG_WARN_UNREACHABLE_CODE = YES;
				CLANG_WARN__DUPLICATE_METHOD_MATCH = YES;
				COPY_PHASE_STRIP = NO;
				DEBUG_INFORMATION_FORMAT = "dwarf-with-dsym";
				ENABLE_NS_ASSERTIONS = NO;
				ENABLE_STRICT_OBJC_MSGSEND = YES;
				GCC_C_LANGUAGE_STANDARD = gnu11;
				GCC_NO_COMMON_BLOCKS = YES;
				GCC_WARN_64_TO_32_BIT_CONVERSION = YES;
				GCC_WARN_ABOUT_RETURN_TYPE = YES_ERROR;
				GCC_WARN_UNDECLARED_SELECTOR = YES;
				GCC_WARN_UNINITIALIZED_AUTOS = YES_AGGRESSIVE;
				GCC_WARN_UNUSED_FUNCTION = YES;
				GCC_WARN_UNUSED_VARIABLE = YES;
				IPHONEOS_DEPLOYMENT_TARGET = 13.4;
				MTL_ENABLE_DEBUG_INFO = NO;
				MTL_FAST_MATH = YES;
				SDKROOT = iphoneos;
				SWIFT_COMPILATION_MODE = wholemodule;
				SWIFT_OPTIMIZATION_LEVEL = "-O";
				VALIDATE_PRODUCT = YES;
			};
			name = Release;
		};
		AA8468EF246E145100117C67 /* Debug */ = {
			isa = XCBuildConfiguration;
			baseConfigurationReference = B1933BD5DEC83DECED6B048F /* Pods-FlowerClassifier.debug.xcconfig */;
			buildSettings = {
				ASSETCATALOG_COMPILER_APPICON_NAME = AppIcon;
				CODE_SIGN_STYLE = Automatic;
				DEVELOPMENT_TEAM = 2GDFC79M88;
				INFOPLIST_FILE = FlowerClassifier/Info.plist;
				LD_RUNPATH_SEARCH_PATHS = (
					"$(inherited)",
					"@executable_path/Frameworks",
				);
				PRODUCT_BUNDLE_IDENTIFIER = com.DylanKuster.FlowerClassifier;
				PRODUCT_NAME = "$(TARGET_NAME)";
				SWIFT_VERSION = 5.0;
				TARGETED_DEVICE_FAMILY = "1,2";
			};
			name = Debug;
		};
		AA8468F0246E145100117C67 /* Release */ = {
			isa = XCBuildConfiguration;
			baseConfigurationReference = C9EA5FC7A85A227F9188816D /* Pods-FlowerClassifier.release.xcconfig */;
			buildSettings = {
				ASSETCATALOG_COMPILER_APPICON_NAME = AppIcon;
				CODE_SIGN_STYLE = Automatic;
				DEVELOPMENT_TEAM = 2GDFC79M88;
				INFOPLIST_FILE = FlowerClassifier/Info.plist;
				LD_RUNPATH_SEARCH_PATHS = (
					"$(inherited)",
					"@executable_path/Frameworks",
				);
				PRODUCT_BUNDLE_IDENTIFIER = com.DylanKuster.FlowerClassifier;
				PRODUCT_NAME = "$(TARGET_NAME)";
				SWIFT_VERSION = 5.0;
				TARGETED_DEVICE_FAMILY = "1,2";
			};
			name = Release;
		};
/* End XCBuildConfiguration section */

/* Begin XCConfigurationList section */
		AA8468D5246E145000117C67 /* Build configuration list for PBXProject "FlowerClassifier" */ = {
			isa = XCConfigurationList;
			buildConfigurations = (
				AA8468EC246E145100117C67 /* Debug */,
				AA8468ED246E145100117C67 /* Release */,
			);
			defaultConfigurationIsVisible = 0;
			defaultConfigurationName = Release;
		};
		AA8468EE246E145100117C67 /* Build configuration list for PBXNativeTarget "FlowerClassifier" */ = {
			isa = XCConfigurationList;
			buildConfigurations = (
				AA8468EF246E145100117C67 /* Debug */,
				AA8468F0246E145100117C67 /* Release */,
			);
			defaultConfigurationIsVisible = 0;
			defaultConfigurationName = Release;
		};
/* End XCConfigurationList section */
	};
	rootObject = AA8468D2246E145000117C67 /* Project object */;
}
